// !$*UTF8*$!
{
	archiveVersion = 1;
	classes = {
	};
	objectVersion = 50;
	objects = {

/* Begin PBXBuildFile section */
		031E6301233FEC0F00AEBC97 /* WatchMetros WatchKit App.app in Embed Watch Content */ = {isa = PBXBuildFile; fileRef = 031E6300233FEC0F00AEBC97 /* WatchMetros WatchKit App.app */; settings = {ATTRIBUTES = (RemoveHeadersOnCopy, ); }; };
		031E6307233FEC0F00AEBC97 /* Interface.storyboard in Resources */ = {isa = PBXBuildFile; fileRef = 031E6305233FEC0F00AEBC97 /* Interface.storyboard */; };
		031E6309233FEC1200AEBC97 /* Assets.xcassets in Resources */ = {isa = PBXBuildFile; fileRef = 031E6308233FEC1200AEBC97 /* Assets.xcassets */; };
		031E6310233FEC1200AEBC97 /* WatchMetros WatchKit Extension.appex in Embed App Extensions */ = {isa = PBXBuildFile; fileRef = 031E630F233FEC1200AEBC97 /* WatchMetros WatchKit Extension.appex */; settings = {ATTRIBUTES = (RemoveHeadersOnCopy, ); }; };
		031E6315233FEC1200AEBC97 /* ContentView.swift in Sources */ = {isa = PBXBuildFile; fileRef = 031E6314233FEC1200AEBC97 /* ContentView.swift */; };
		031E6317233FEC1200AEBC97 /* HostingController.swift in Sources */ = {isa = PBXBuildFile; fileRef = 031E6316233FEC1200AEBC97 /* HostingController.swift */; };
		031E6319233FEC1200AEBC97 /* ExtensionDelegate.swift in Sources */ = {isa = PBXBuildFile; fileRef = 031E6318233FEC1200AEBC97 /* ExtensionDelegate.swift */; };
		031E631B233FEC1200AEBC97 /* NotificationController.swift in Sources */ = {isa = PBXBuildFile; fileRef = 031E631A233FEC1200AEBC97 /* NotificationController.swift */; };
		031E631D233FEC1200AEBC97 /* NotificationView.swift in Sources */ = {isa = PBXBuildFile; fileRef = 031E631C233FEC1200AEBC97 /* NotificationView.swift */; };
		031E631F233FEC1200AEBC97 /* ComplicationController.swift in Sources */ = {isa = PBXBuildFile; fileRef = 031E631E233FEC1200AEBC97 /* ComplicationController.swift */; };
		031E6321233FEC1200AEBC97 /* Assets.xcassets in Resources */ = {isa = PBXBuildFile; fileRef = 031E6320233FEC1200AEBC97 /* Assets.xcassets */; };
		031E6324233FEC1200AEBC97 /* Preview Assets.xcassets in Resources */ = {isa = PBXBuildFile; fileRef = 031E6323233FEC1200AEBC97 /* Preview Assets.xcassets */; };
/* End PBXBuildFile section */

/* Begin PBXContainerItemProxy section */
		031E6302233FEC0F00AEBC97 /* PBXContainerItemProxy */ = {
			isa = PBXContainerItemProxy;
			containerPortal = 031E62F6233FEC0F00AEBC97 /* Project object */;
			proxyType = 1;
			remoteGlobalIDString = 031E62FF233FEC0F00AEBC97;
			remoteInfo = "WatchMetros WatchKit App";
		};
		031E6311233FEC1200AEBC97 /* PBXContainerItemProxy */ = {
			isa = PBXContainerItemProxy;
			containerPortal = 031E62F6233FEC0F00AEBC97 /* Project object */;
			proxyType = 1;
			remoteGlobalIDString = 031E630E233FEC1200AEBC97;
			remoteInfo = "WatchMetros WatchKit Extension";
		};
/* End PBXContainerItemProxy section */

/* Begin PBXCopyFilesBuildPhase section */
		031E632C233FEC1200AEBC97 /* Embed App Extensions */ = {
			isa = PBXCopyFilesBuildPhase;
			buildActionMask = 2147483647;
			dstPath = "";
			dstSubfolderSpec = 13;
			files = (
				031E6310233FEC1200AEBC97 /* WatchMetros WatchKit Extension.appex in Embed App Extensions */,
			);
			name = "Embed App Extensions";
			runOnlyForDeploymentPostprocessing = 0;
		};
		031E6330233FEC1200AEBC97 /* Embed Watch Content */ = {
			isa = PBXCopyFilesBuildPhase;
			buildActionMask = 2147483647;
			dstPath = "$(CONTENTS_FOLDER_PATH)/Watch";
			dstSubfolderSpec = 16;
			files = (
				031E6301233FEC0F00AEBC97 /* WatchMetros WatchKit App.app in Embed Watch Content */,
			);
			name = "Embed Watch Content";
			runOnlyForDeploymentPostprocessing = 0;
		};
/* End PBXCopyFilesBuildPhase section */

/* Begin PBXFileReference section */
		031E62FC233FEC0F00AEBC97 /* WatchMetros.app */ = {isa = PBXFileReference; explicitFileType = wrapper.application; includeInIndex = 0; path = WatchMetros.app; sourceTree = BUILT_PRODUCTS_DIR; };
		031E6300233FEC0F00AEBC97 /* WatchMetros WatchKit App.app */ = {isa = PBXFileReference; explicitFileType = wrapper.application; includeInIndex = 0; path = "WatchMetros WatchKit App.app"; sourceTree = BUILT_PRODUCTS_DIR; };
		031E6306233FEC0F00AEBC97 /* Base */ = {isa = PBXFileReference; lastKnownFileType = file.storyboard; name = Base; path = Base.lproj/Interface.storyboard; sourceTree = "<group>"; };
		031E6308233FEC1200AEBC97 /* Assets.xcassets */ = {isa = PBXFileReference; lastKnownFileType = folder.assetcatalog; path = Assets.xcassets; sourceTree = "<group>"; };
		031E630A233FEC1200AEBC97 /* Info.plist */ = {isa = PBXFileReference; lastKnownFileType = text.plist.xml; path = Info.plist; sourceTree = "<group>"; };
		031E630F233FEC1200AEBC97 /* WatchMetros WatchKit Extension.appex */ = {isa = PBXFileReference; explicitFileType = "wrapper.app-extension"; includeInIndex = 0; path = "WatchMetros WatchKit Extension.appex"; sourceTree = BUILT_PRODUCTS_DIR; };
		031E6314233FEC1200AEBC97 /* ContentView.swift */ = {isa = PBXFileReference; lastKnownFileType = sourcecode.swift; path = ContentView.swift; sourceTree = "<group>"; };
		031E6316233FEC1200AEBC97 /* HostingController.swift */ = {isa = PBXFileReference; lastKnownFileType = sourcecode.swift; path = HostingController.swift; sourceTree = "<group>"; };
		031E6318233FEC1200AEBC97 /* ExtensionDelegate.swift */ = {isa = PBXFileReference; lastKnownFileType = sourcecode.swift; path = ExtensionDelegate.swift; sourceTree = "<group>"; };
		031E631A233FEC1200AEBC97 /* NotificationController.swift */ = {isa = PBXFileReference; lastKnownFileType = sourcecode.swift; path = NotificationController.swift; sourceTree = "<group>"; };
		031E631C233FEC1200AEBC97 /* NotificationView.swift */ = {isa = PBXFileReference; lastKnownFileType = sourcecode.swift; path = NotificationView.swift; sourceTree = "<group>"; };
		031E631E233FEC1200AEBC97 /* ComplicationController.swift */ = {isa = PBXFileReference; lastKnownFileType = sourcecode.swift; path = ComplicationController.swift; sourceTree = "<group>"; };
		031E6320233FEC1200AEBC97 /* Assets.xcassets */ = {isa = PBXFileReference; lastKnownFileType = folder.assetcatalog; path = Assets.xcassets; sourceTree = "<group>"; };
		031E6323233FEC1200AEBC97 /* Preview Assets.xcassets */ = {isa = PBXFileReference; lastKnownFileType = folder.assetcatalog; path = "Preview Assets.xcassets"; sourceTree = "<group>"; };
		031E6325233FEC1200AEBC97 /* Info.plist */ = {isa = PBXFileReference; lastKnownFileType = text.plist.xml; path = Info.plist; sourceTree = "<group>"; };
		031E6326233FEC1200AEBC97 /* PushNotificationPayload.apns */ = {isa = PBXFileReference; lastKnownFileType = text; path = PushNotificationPayload.apns; sourceTree = "<group>"; };
/* End PBXFileReference section */

/* Begin PBXFrameworksBuildPhase section */
		031E630C233FEC1200AEBC97 /* Frameworks */ = {
			isa = PBXFrameworksBuildPhase;
			buildActionMask = 2147483647;
			files = (
			);
			runOnlyForDeploymentPostprocessing = 0;
		};
/* End PBXFrameworksBuildPhase section */

/* Begin PBXGroup section */
		031E62F5233FEC0F00AEBC97 = {
			isa = PBXGroup;
			children = (
				031E6304233FEC0F00AEBC97 /* WatchMetros WatchKit App */,
				031E6313233FEC1200AEBC97 /* WatchMetros WatchKit Extension */,
				031E62FD233FEC0F00AEBC97 /* Products */,
			);
			sourceTree = "<group>";
		};
		031E62FD233FEC0F00AEBC97 /* Products */ = {
			isa = PBXGroup;
			children = (
				031E62FC233FEC0F00AEBC97 /* WatchMetros.app */,
				031E6300233FEC0F00AEBC97 /* WatchMetros WatchKit App.app */,
				031E630F233FEC1200AEBC97 /* WatchMetros WatchKit Extension.appex */,
			);
			name = Products;
			sourceTree = "<group>";
		};
		031E6304233FEC0F00AEBC97 /* WatchMetros WatchKit App */ = {
			isa = PBXGroup;
			children = (
				031E6305233FEC0F00AEBC97 /* Interface.storyboard */,
				031E6308233FEC1200AEBC97 /* Assets.xcassets */,
				031E630A233FEC1200AEBC97 /* Info.plist */,
			);
			path = "WatchMetros WatchKit App";
			sourceTree = "<group>";
		};
		031E6313233FEC1200AEBC97 /* WatchMetros WatchKit Extension */ = {
			isa = PBXGroup;
			children = (
				031E6314233FEC1200AEBC97 /* ContentView.swift */,
				031E6316233FEC1200AEBC97 /* HostingController.swift */,
				031E6318233FEC1200AEBC97 /* ExtensionDelegate.swift */,
				031E631A233FEC1200AEBC97 /* NotificationController.swift */,
				031E631C233FEC1200AEBC97 /* NotificationView.swift */,
				031E631E233FEC1200AEBC97 /* ComplicationController.swift */,
				031E6320233FEC1200AEBC97 /* Assets.xcassets */,
				031E6325233FEC1200AEBC97 /* Info.plist */,
				031E6326233FEC1200AEBC97 /* PushNotificationPayload.apns */,
				031E6322233FEC1200AEBC97 /* Preview Content */,
			);
			path = "WatchMetros WatchKit Extension";
			sourceTree = "<group>";
		};
		031E6322233FEC1200AEBC97 /* Preview Content */ = {
			isa = PBXGroup;
			children = (
				031E6323233FEC1200AEBC97 /* Preview Assets.xcassets */,
			);
			path = "Preview Content";
			sourceTree = "<group>";
		};
/* End PBXGroup section */

/* Begin PBXNativeTarget section */
		031E62FB233FEC0F00AEBC97 /* WatchMetros */ = {
			isa = PBXNativeTarget;
			buildConfigurationList = 031E6331233FEC1200AEBC97 /* Build configuration list for PBXNativeTarget "WatchMetros" */;
			buildPhases = (
				031E62FA233FEC0F00AEBC97 /* Resources */,
				031E6330233FEC1200AEBC97 /* Embed Watch Content */,
			);
			buildRules = (
			);
			dependencies = (
				031E6303233FEC0F00AEBC97 /* PBXTargetDependency */,
			);
			name = WatchMetros;
			productName = WatchMetros;
			productReference = 031E62FC233FEC0F00AEBC97 /* WatchMetros.app */;
			productType = "com.apple.product-type.application.watchapp2-container";
		};
		031E62FF233FEC0F00AEBC97 /* WatchMetros WatchKit App */ = {
			isa = PBXNativeTarget;
			buildConfigurationList = 031E632D233FEC1200AEBC97 /* Build configuration list for PBXNativeTarget "WatchMetros WatchKit App" */;
			buildPhases = (
				031E62FE233FEC0F00AEBC97 /* Resources */,
				031E632C233FEC1200AEBC97 /* Embed App Extensions */,
			);
			buildRules = (
			);
			dependencies = (
				031E6312233FEC1200AEBC97 /* PBXTargetDependency */,
			);
			name = "WatchMetros WatchKit App";
			productName = "WatchMetros WatchKit App";
			productReference = 031E6300233FEC0F00AEBC97 /* WatchMetros WatchKit App.app */;
			productType = "com.apple.product-type.application.watchapp2";
		};
		031E630E233FEC1200AEBC97 /* WatchMetros WatchKit Extension */ = {
			isa = PBXNativeTarget;
			buildConfigurationList = 031E6329233FEC1200AEBC97 /* Build configuration list for PBXNativeTarget "WatchMetros WatchKit Extension" */;
			buildPhases = (
				031E630B233FEC1200AEBC97 /* Sources */,
				031E630C233FEC1200AEBC97 /* Frameworks */,
				031E630D233FEC1200AEBC97 /* Resources */,
			);
			buildRules = (
			);
			dependencies = (
			);
			name = "WatchMetros WatchKit Extension";
			productName = "WatchMetros WatchKit Extension";
			productReference = 031E630F233FEC1200AEBC97 /* WatchMetros WatchKit Extension.appex */;
			productType = "com.apple.product-type.watchkit2-extension";
		};
/* End PBXNativeTarget section */

/* Begin PBXProject section */
		031E62F6233FEC0F00AEBC97 /* Project object */ = {
			isa = PBXProject;
			attributes = {
				LastSwiftUpdateCheck = 1100;
				LastUpgradeCheck = 1100;
				ORGANIZATIONNAME = "Josh Palmer";
				TargetAttributes = {
					031E62FB233FEC0F00AEBC97 = {
						CreatedOnToolsVersion = 11.0;
					};
					031E62FF233FEC0F00AEBC97 = {
						CreatedOnToolsVersion = 11.0;
					};
					031E630E233FEC1200AEBC97 = {
						CreatedOnToolsVersion = 11.0;
					};
				};
			};
			buildConfigurationList = 031E62F9233FEC0F00AEBC97 /* Build configuration list for PBXProject "WatchMetros" */;
			compatibilityVersion = "Xcode 9.3";
			developmentRegion = en;
			hasScannedForEncodings = 0;
			knownRegions = (
				en,
				Base,
			);
			mainGroup = 031E62F5233FEC0F00AEBC97;
			productRefGroup = 031E62FD233FEC0F00AEBC97 /* Products */;
			projectDirPath = "";
			projectRoot = "";
			targets = (
				031E62FB233FEC0F00AEBC97 /* WatchMetros */,
				031E62FF233FEC0F00AEBC97 /* WatchMetros WatchKit App */,
				031E630E233FEC1200AEBC97 /* WatchMetros WatchKit Extension */,
			);
		};
/* End PBXProject section */

/* Begin PBXResourcesBuildPhase section */
		031E62FA233FEC0F00AEBC97 /* Resources */ = {
			isa = PBXResourcesBuildPhase;
			buildActionMask = 2147483647;
			files = (
			);
			runOnlyForDeploymentPostprocessing = 0;
		};
		031E62FE233FEC0F00AEBC97 /* Resources */ = {
			isa = PBXResourcesBuildPhase;
			buildActionMask = 2147483647;
			files = (
				031E6309233FEC1200AEBC97 /* Assets.xcassets in Resources */,
				031E6307233FEC0F00AEBC97 /* Interface.storyboard in Resources */,
			);
			runOnlyForDeploymentPostprocessing = 0;
		};
		031E630D233FEC1200AEBC97 /* Resources */ = {
			isa = PBXResourcesBuildPhase;
			buildActionMask = 2147483647;
			files = (
				031E6324233FEC1200AEBC97 /* Preview Assets.xcassets in Resources */,
				031E6321233FEC1200AEBC97 /* Assets.xcassets in Resources */,
			);
			runOnlyForDeploymentPostprocessing = 0;
		};
/* End PBXResourcesBuildPhase section */

/* Begin PBXSourcesBuildPhase section */
		031E630B233FEC1200AEBC97 /* Sources */ = {
			isa = PBXSourcesBuildPhase;
			buildActionMask = 2147483647;
			files = (
				031E6317233FEC1200AEBC97 /* HostingController.swift in Sources */,
				031E6315233FEC1200AEBC97 /* ContentView.swift in Sources */,
				031E631B233FEC1200AEBC97 /* NotificationController.swift in Sources */,
				031E6319233FEC1200AEBC97 /* ExtensionDelegate.swift in Sources */,
				031E631D233FEC1200AEBC97 /* NotificationView.swift in Sources */,
				031E631F233FEC1200AEBC97 /* ComplicationController.swift in Sources */,
			);
			runOnlyForDeploymentPostprocessing = 0;
		};
/* End PBXSourcesBuildPhase section */

/* Begin PBXTargetDependency section */
		031E6303233FEC0F00AEBC97 /* PBXTargetDependency */ = {
			isa = PBXTargetDependency;
			target = 031E62FF233FEC0F00AEBC97 /* WatchMetros WatchKit App */;
			targetProxy = 031E6302233FEC0F00AEBC97 /* PBXContainerItemProxy */;
		};
		031E6312233FEC1200AEBC97 /* PBXTargetDependency */ = {
			isa = PBXTargetDependency;
			target = 031E630E233FEC1200AEBC97 /* WatchMetros WatchKit Extension */;
			targetProxy = 031E6311233FEC1200AEBC97 /* PBXContainerItemProxy */;
		};
/* End PBXTargetDependency section */

/* Begin PBXVariantGroup section */
		031E6305233FEC0F00AEBC97 /* Interface.storyboard */ = {
			isa = PBXVariantGroup;
			children = (
				031E6306233FEC0F00AEBC97 /* Base */,
			);
			name = Interface.storyboard;
			sourceTree = "<group>";
		};
/* End PBXVariantGroup section */

/* Begin XCBuildConfiguration section */
		031E6327233FEC1200AEBC97 /* Debug */ = {
			isa = XCBuildConfiguration;
			buildSettings = {
				ALWAYS_SEARCH_USER_PATHS = NO;
				CLANG_ANALYZER_NONNULL = YES;
				CLANG_ANALYZER_NUMBER_OBJECT_CONVERSION = YES_AGGRESSIVE;
				CLANG_CXX_LANGUAGE_STANDARD = "gnu++14";
				CLANG_CXX_LIBRARY = "libc++";
				CLANG_ENABLE_MODULES = YES;
				CLANG_ENABLE_OBJC_ARC = YES;
				CLANG_ENABLE_OBJC_WEAK = YES;
				CLANG_WARN_BLOCK_CAPTURE_AUTORELEASING = YES;
				CLANG_WARN_BOOL_CONVERSION = YES;
				CLANG_WARN_COMMA = YES;
				CLANG_WARN_CONSTANT_CONVERSION = YES;
				CLANG_WARN_DEPRECATED_OBJC_IMPLEMENTATIONS = YES;
				CLANG_WARN_DIRECT_OBJC_ISA_USAGE = YES_ERROR;
				CLANG_WARN_DOCUMENTATION_COMMENTS = YES;
				CLANG_WARN_EMPTY_BODY = YES;
				CLANG_WARN_ENUM_CONVERSION = YES;
				CLANG_WARN_INFINITE_RECURSION = YES;
				CLANG_WARN_INT_CONVERSION = YES;
				CLANG_WARN_NON_LITERAL_NULL_CONVERSION = YES;
				CLANG_WARN_OBJC_IMPLICIT_RETAIN_SELF = YES;
				CLANG_WARN_OBJC_LITERAL_CONVERSION = YES;
				CLANG_WARN_OBJC_ROOT_CLASS = YES_ERROR;
				CLANG_WARN_RANGE_LOOP_ANALYSIS = YES;
				CLANG_WARN_STRICT_PROTOTYPES = YES;
				CLANG_WARN_SUSPICIOUS_MOVE = YES;
				CLANG_WARN_UNGUARDED_AVAILABILITY = YES_AGGRESSIVE;
				CLANG_WARN_UNREACHABLE_CODE = YES;
				CLANG_WARN__DUPLICATE_METHOD_MATCH = YES;
				COPY_PHASE_STRIP = NO;
				DEBUG_INFORMATION_FORMAT = dwarf;
				ENABLE_STRICT_OBJC_MSGSEND = YES;
				ENABLE_TESTABILITY = YES;
				GCC_C_LANGUAGE_STANDARD = gnu11;
				GCC_DYNAMIC_NO_PIC = NO;
				GCC_NO_COMMON_BLOCKS = YES;
				GCC_OPTIMIZATION_LEVEL = 0;
				GCC_PREPROCESSOR_DEFINITIONS = (
					"DEBUG=1",
					"$(inherited)",
				);
				GCC_WARN_64_TO_32_BIT_CONVERSION = YES;
				GCC_WARN_ABOUT_RETURN_TYPE = YES_ERROR;
				GCC_WARN_UNDECLARED_SELECTOR = YES;
				GCC_WARN_UNINITIALIZED_AUTOS = YES_AGGRESSIVE;
				GCC_WARN_UNUSED_FUNCTION = YES;
				GCC_WARN_UNUSED_VARIABLE = YES;
				MTL_ENABLE_DEBUG_INFO = INCLUDE_SOURCE;
				MTL_FAST_MATH = YES;
				ONLY_ACTIVE_ARCH = YES;
				SDKROOT = iphoneos;
				SWIFT_ACTIVE_COMPILATION_CONDITIONS = DEBUG;
				SWIFT_OPTIMIZATION_LEVEL = "-Onone";
			};
			name = Debug;
		};
		031E6328233FEC1200AEBC97 /* Release */ = {
			isa = XCBuildConfiguration;
			buildSettings = {
				ALWAYS_SEARCH_USER_PATHS = NO;
				CLANG_ANALYZER_NONNULL = YES;
				CLANG_ANALYZER_NUMBER_OBJECT_CONVERSION = YES_AGGRESSIVE;
				CLANG_CXX_LANGUAGE_STANDARD = "gnu++14";
				CLANG_CXX_LIBRARY = "libc++";
				CLANG_ENABLE_MODULES = YES;
				CLANG_ENABLE_OBJC_ARC = YES;
				CLANG_ENABLE_OBJC_WEAK = YES;
				CLANG_WARN_BLOCK_CAPTURE_AUTORELEASING = YES;
				CLANG_WARN_BOOL_CONVERSION = YES;
				CLANG_WARN_COMMA = YES;
				CLANG_WARN_CONSTANT_CONVERSION = YES;
				CLANG_WARN_DEPRECATED_OBJC_IMPLEMENTATIONS = YES;
				CLANG_WARN_DIRECT_OBJC_ISA_USAGE = YES_ERROR;
				CLANG_WARN_DOCUMENTATION_COMMENTS = YES;
				CLANG_WARN_EMPTY_BODY = YES;
				CLANG_WARN_ENUM_CONVERSION = YES;
				CLANG_WARN_INFINITE_RECURSION = YES;
				CLANG_WARN_INT_CONVERSION = YES;
				CLANG_WARN_NON_LITERAL_NULL_CONVERSION = YES;
				CLANG_WARN_OBJC_IMPLICIT_RETAIN_SELF = YES;
				CLANG_WARN_OBJC_LITERAL_CONVERSION = YES;
				CLANG_WARN_OBJC_ROOT_CLASS = YES_ERROR;
				CLANG_WARN_RANGE_LOOP_ANALYSIS = YES;
				CLANG_WARN_STRICT_PROTOTYPES = YES;
				CLANG_WARN_SUSPICIOUS_MOVE = YES;
				CLANG_WARN_UNGUARDED_AVAILABILITY = YES_AGGRESSIVE;
				CLANG_WARN_UNREACHABLE_CODE = YES;
				CLANG_WARN__DUPLICATE_METHOD_MATCH = YES;
				COPY_PHASE_STRIP = NO;
				DEBUG_INFORMATION_FORMAT = "dwarf-with-dsym";
				ENABLE_NS_ASSERTIONS = NO;
				ENABLE_STRICT_OBJC_MSGSEND = YES;
				GCC_C_LANGUAGE_STANDARD = gnu11;
				GCC_NO_COMMON_BLOCKS = YES;
				GCC_WARN_64_TO_32_BIT_CONVERSION = YES;
				GCC_WARN_ABOUT_RETURN_TYPE = YES_ERROR;
				GCC_WARN_UNDECLARED_SELECTOR = YES;
				GCC_WARN_UNINITIALIZED_AUTOS = YES_AGGRESSIVE;
				GCC_WARN_UNUSED_FUNCTION = YES;
				GCC_WARN_UNUSED_VARIABLE = YES;
				MTL_ENABLE_DEBUG_INFO = NO;
				MTL_FAST_MATH = YES;
				SDKROOT = iphoneos;
				SWIFT_COMPILATION_MODE = wholemodule;
				SWIFT_OPTIMIZATION_LEVEL = "-O";
				VALIDATE_PRODUCT = YES;
			};
			name = Release;
		};
		031E632A233FEC1200AEBC97 /* Debug */ = {
			isa = XCBuildConfiguration;
			buildSettings = {
				ASSETCATALOG_COMPILER_COMPLICATION_NAME = Complication;
				CODE_SIGN_STYLE = Automatic;
				DEVELOPMENT_ASSET_PATHS = "\"WatchMetros WatchKit Extension/Preview Content\"";
				ENABLE_PREVIEWS = YES;
				INFOPLIST_FILE = "WatchMetros WatchKit Extension/Info.plist";
				LD_RUNPATH_SEARCH_PATHS = (
					"$(inherited)",
					"@executable_path/Frameworks",
					"@executable_path/../../Frameworks",
				);
				PRODUCT_BUNDLE_IDENTIFIER = joshpalmer.WatchMetros.watchkitapp.watchkitextension;
				PRODUCT_NAME = "${TARGET_NAME}";
				SDKROOT = watchos;
				SKIP_INSTALL = YES;
				SWIFT_VERSION = 5.0;
				TARGETED_DEVICE_FAMILY = 4;
				WATCHOS_DEPLOYMENT_TARGET = 6.0;
			};
			name = Debug;
		};
		031E632B233FEC1200AEBC97 /* Release */ = {
			isa = XCBuildConfiguration;
			buildSettings = {
				ASSETCATALOG_COMPILER_COMPLICATION_NAME = Complication;
				CODE_SIGN_STYLE = Automatic;
				DEVELOPMENT_ASSET_PATHS = "\"WatchMetros WatchKit Extension/Preview Content\"";
				ENABLE_PREVIEWS = YES;
				INFOPLIST_FILE = "WatchMetros WatchKit Extension/Info.plist";
				LD_RUNPATH_SEARCH_PATHS = (
					"$(inherited)",
					"@executable_path/Frameworks",
					"@executable_path/../../Frameworks",
				);
				PRODUCT_BUNDLE_IDENTIFIER = joshpalmer.WatchMetros.watchkitapp.watchkitextension;
				PRODUCT_NAME = "${TARGET_NAME}";
				SDKROOT = watchos;
				SKIP_INSTALL = YES;
				SWIFT_VERSION = 5.0;
				TARGETED_DEVICE_FAMILY = 4;
				WATCHOS_DEPLOYMENT_TARGET = 6.0;
			};
			name = Release;
		};
		031E632E233FEC1200AEBC97 /* Debug */ = {
			isa = XCBuildConfiguration;
			buildSettings = {
				ALWAYS_EMBED_SWIFT_STANDARD_LIBRARIES = YES;
				ASSETCATALOG_COMPILER_APPICON_NAME = AppIcon;
				CODE_SIGN_STYLE = Automatic;
				IBSC_MODULE = WatchMetros_WatchKit_Extension;
				INFOPLIST_FILE = "WatchMetros WatchKit App/Info.plist";
				PRODUCT_BUNDLE_IDENTIFIER = joshpalmer.WatchMetros.watchkitapp;
				PRODUCT_NAME = "$(TARGET_NAME)";
				SDKROOT = watchos;
				SKIP_INSTALL = YES;
				SWIFT_VERSION = 5.0;
				TARGETED_DEVICE_FAMILY = 4;
				WATCHOS_DEPLOYMENT_TARGET = 6.0;
			};
			name = Debug;
		};
		031E632F233FEC1200AEBC97 /* Release */ = {
			isa = XCBuildConfiguration;
			buildSettings = {
				ALWAYS_EMBED_SWIFT_STANDARD_LIBRARIES = YES;
				ASSETCATALOG_COMPILER_APPICON_NAME = AppIcon;
				CODE_SIGN_STYLE = Automatic;
				IBSC_MODULE = WatchMetros_WatchKit_Extension;
				INFOPLIST_FILE = "WatchMetros WatchKit App/Info.plist";
				PRODUCT_BUNDLE_IDENTIFIER = joshpalmer.WatchMetros.watchkitapp;
				PRODUCT_NAME = "$(TARGET_NAME)";
				SDKROOT = watchos;
				SKIP_INSTALL = YES;
				SWIFT_VERSION = 5.0;
				TARGETED_DEVICE_FAMILY = 4;
				WATCHOS_DEPLOYMENT_TARGET = 6.0;
			};
			name = Release;
		};
		031E6332233FEC1200AEBC97 /* Debug */ = {
			isa = XCBuildConfiguration;
			buildSettings = {
				CODE_SIGN_STYLE = Automatic;
				CURRENT_PROJECT_VERSION = 1;
				MARKETING_VERSION = 1.0;
				PRODUCT_BUNDLE_IDENTIFIER = joshpalmer.WatchMetros;
				PRODUCT_NAME = "$(TARGET_NAME)";
				SWIFT_VERSION = 5.0;
			};
			name = Debug;
		};
		031E6333233FEC1200AEBC97 /* Release */ = {
			isa = XCBuildConfiguration;
			buildSettings = {
				CODE_SIGN_STYLE = Automatic;
				CURRENT_PROJECT_VERSION = 1;
				MARKETING_VERSION = 1.0;
				PRODUCT_BUNDLE_IDENTIFIER = joshpalmer.WatchMetros;
				PRODUCT_NAME = "$(TARGET_NAME)";
				SWIFT_VERSION = 5.0;
			};
			name = Release;
		};
/* End XCBuildConfiguration section */

/* Begin XCConfigurationList section */
		031E62F9233FEC0F00AEBC97 /* Build configuration list for PBXProject "WatchMetros" */ = {
			isa = XCConfigurationList;
			buildConfigurations = (
				031E6327233FEC1200AEBC97 /* Debug */,
				031E6328233FEC1200AEBC97 /* Release */,
			);
			defaultConfigurationIsVisible = 0;
			defaultConfigurationName = Release;
		};
		031E6329233FEC1200AEBC97 /* Build configuration list for PBXNativeTarget "WatchMetros WatchKit Extension" */ = {
			isa = XCConfigurationList;
			buildConfigurations = (
				031E632A233FEC1200AEBC97 /* Debug */,
				031E632B233FEC1200AEBC97 /* Release */,
			);
			defaultConfigurationIsVisible = 0;
			defaultConfigurationName = Release;
		};
		031E632D233FEC1200AEBC97 /* Build configuration list for PBXNativeTarget "WatchMetros WatchKit App" */ = {
			isa = XCConfigurationList;
			buildConfigurations = (
				031E632E233FEC1200AEBC97 /* Debug */,
				031E632F233FEC1200AEBC97 /* Release */,
			);
			defaultConfigurationIsVisible = 0;
			defaultConfigurationName = Release;
		};
		031E6331233FEC1200AEBC97 /* Build configuration list for PBXNativeTarget "WatchMetros" */ = {
			isa = XCConfigurationList;
			buildConfigurations = (
				031E6332233FEC1200AEBC97 /* Debug */,
				031E6333233FEC1200AEBC97 /* Release */,
			);
			defaultConfigurationIsVisible = 0;
			defaultConfigurationName = Release;
		};
/* End XCConfigurationList section */
	};
	rootObject = 031E62F6233FEC0F00AEBC97 /* Project object */;
}
